
Microsoft Visual Studio Solution File, Format Version 12.00
# Visual Studio Version 17
VisualStudioVersion = 17.9.34616.47
MinimumVisualStudioVersion = 10.0.40219.1
Project("{FAE04EC0-301F-11D3-BF4B-00C04F79EFBC}") = "Proyecto-final-prowebII", "Proyecto-final-prowebII.csproj", "{FC789ADF-5204-49CF-8BA1-A5A75ABEB1EA}"
EndProject
Global
	GlobalSection(SolutionConfigurationPlatforms) = preSolution
		Debug|Any CPU = Debug|Any CPU
		Release|Any CPU = Release|Any CPU
	EndGlobalSection
	GlobalSection(ProjectConfigurationPlatforms) = postSolution
		{FC789ADF-5204-49CF-8BA1-A5A75ABEB1EA}.Debug|Any CPU.ActiveCfg = Debug|Any CPU
		{FC789ADF-5204-49CF-8BA1-A5A75ABEB1EA}.Debug|Any CPU.Build.0 = Debug|Any CPU
		{FC789ADF-5204-49CF-8BA1-A5A75ABEB1EA}.Release|Any CPU.ActiveCfg = Release|Any CPU
		{FC789ADF-5204-49CF-8BA1-A5A75ABEB1EA}.Release|Any CPU.Build.0 = Release|Any CPU
	EndGlobalSection
	GlobalSection(SolutionProperties) = preSolution
		HideSolutionNode = FALSE
	EndGlobalSection
	GlobalSection(ExtensibilityGlobals) = postSolution
		SolutionGuid = {5386B370-286A-4C63-8526-1C552B9D76C0}
	EndGlobalSection
EndGlobal
